
Microsoft Visual Studio Solution File, Format Version 12.00
# Visual Studio Version 16
VisualStudioVersion = 16.0.30611.23
MinimumVisualStudioVersion = 10.0.40219.1
Project("{FAE04EC0-301F-11D3-BF4B-00C04F79EFBC}") = "Entidades", "Entidades\Entidades.csproj", "{78841AFF-D6ED-471B-9DD1-2717053B21A9}"
EndProject
Project("{FAE04EC0-301F-11D3-BF4B-00C04F79EFBC}") = "Consola", "Consola\Consola.csproj", "{64F45CCC-C54A-43C9-8EDB-840CB3362F60}"
EndProject
Global
	GlobalSection(SolutionConfigurationPlatforms) = preSolution
		Debug|Any CPU = Debug|Any CPU
		Release|Any CPU = Release|Any CPU
	EndGlobalSection
	GlobalSection(ProjectConfigurationPlatforms) = postSolution
		{78841AFF-D6ED-471B-9DD1-2717053B21A9}.Debug|Any CPU.ActiveCfg = Debug|Any CPU
		{78841AFF-D6ED-471B-9DD1-2717053B21A9}.Debug|Any CPU.Build.0 = Debug|Any CPU
		{78841AFF-D6ED-471B-9DD1-2717053B21A9}.Release|Any CPU.ActiveCfg = Release|Any CPU
		{78841AFF-D6ED-471B-9DD1-2717053B21A9}.Release|Any CPU.Build.0 = Release|Any CPU
		{64F45CCC-C54A-43C9-8EDB-840CB3362F60}.Debug|Any CPU.ActiveCfg = Debug|Any CPU
		{64F45CCC-C54A-43C9-8EDB-840CB3362F60}.Debug|Any CPU.Build.0 = Debug|Any CPU
		{64F45CCC-C54A-43C9-8EDB-840CB3362F60}.Release|Any CPU.ActiveCfg = Release|Any CPU
		{64F45CCC-C54A-43C9-8EDB-840CB3362F60}.Release|Any CPU.Build.0 = Release|Any CPU
	EndGlobalSection
	GlobalSection(SolutionProperties) = preSolution
		HideSolutionNode = FALSE
	EndGlobalSection
	GlobalSection(ExtensibilityGlobals) = postSolution
		SolutionGuid = {234A7E7B-1E80-4181-B072-8D0B11029974}
	EndGlobalSection
EndGlobal
